
Microsoft Visual Studio Solution File, Format Version 12.00
# Visual Studio 15
VisualStudioVersion = 15.0.28307.329
MinimumVisualStudioVersion = 10.0.40219.1
Project("{FAE04EC0-301F-11D3-BF4B-00C04F79EFBC}") = "deluxe-books-shop-asp", "deluxe-books-shop-asp\deluxe-books-shop-asp.csproj", "{A0D962C2-ED05-4B84-BE6D-E262F1B8706B}"
EndProject
Global
	GlobalSection(SolutionConfigurationPlatforms) = preSolution
		Debug|Any CPU = Debug|Any CPU
		Release|Any CPU = Release|Any CPU
	EndGlobalSection
	GlobalSection(ProjectConfigurationPlatforms) = postSolution
		{A0D962C2-ED05-4B84-BE6D-E262F1B8706B}.Debug|Any CPU.ActiveCfg = Debug|Any CPU
		{A0D962C2-ED05-4B84-BE6D-E262F1B8706B}.Debug|Any CPU.Build.0 = Debug|Any CPU
		{A0D962C2-ED05-4B84-BE6D-E262F1B8706B}.Release|Any CPU.ActiveCfg = Release|Any CPU
		{A0D962C2-ED05-4B84-BE6D-E262F1B8706B}.Release|Any CPU.Build.0 = Release|Any CPU
	EndGlobalSection
	GlobalSection(SolutionProperties) = preSolution
		HideSolutionNode = FALSE
	EndGlobalSection
	GlobalSection(ExtensibilityGlobals) = postSolution
		SolutionGuid = {3E274A9F-99CD-4DF7-8133-48CC89F688EC}
	EndGlobalSection
EndGlobal
